// !$*UTF8*$!
{
	archiveVersion = 1;
	classes = {
	};
	objectVersion = 46;
	objects = {

/* Begin PBXBuildFile section */
		321AF5B01B313F2200146114 /* AppDelegate.swift in Sources */ = {isa = PBXBuildFile; fileRef = 321AF5AF1B313F2200146114 /* AppDelegate.swift */; };
		321AF5B21B313F2200146114 /* ViewController.swift in Sources */ = {isa = PBXBuildFile; fileRef = 321AF5B11B313F2200146114 /* ViewController.swift */; };
		321AF5B51B313F2200146114 /* Main.storyboard in Resources */ = {isa = PBXBuildFile; fileRef = 321AF5B31B313F2200146114 /* Main.storyboard */; };
		321AF5B71B313F2200146114 /* Images.xcassets in Resources */ = {isa = PBXBuildFile; fileRef = 321AF5B61B313F2200146114 /* Images.xcassets */; };
		321AF5BA1B313F2200146114 /* LaunchScreen.xib in Resources */ = {isa = PBXBuildFile; fileRef = 321AF5B81B313F2200146114 /* LaunchScreen.xib */; };
		321AF5C61B313F2300146114 /* MuscleAlarmClockTests.swift in Sources */ = {isa = PBXBuildFile; fileRef = 321AF5C51B313F2300146114 /* MuscleAlarmClockTests.swift */; };
		32F906F41B32754800D3A8AB /* MTAL.png in Resources */ = {isa = PBXBuildFile; fileRef = 32F906F31B32754800D3A8AB /* MTAL.png */; };
		32F906FA1B32874700D3A8AB /* Twitter_bird.png in Resources */ = {isa = PBXBuildFile; fileRef = 32F906F91B32874700D3A8AB /* Twitter_bird.png */; };
		32F907001B32AAEB00D3A8AB /* button.png in Resources */ = {isa = PBXBuildFile; fileRef = 32F906FF1B32AAEB00D3A8AB /* button.png */; };
		32F90BD51B33047800D3A8AB /* QuartzCore.framework in Frameworks */ = {isa = PBXBuildFile; fileRef = 32F90BD41B33047800D3A8AB /* QuartzCore.framework */; };
		32F90BD91B3307B000D3A8AB /* muscle.png in Resources */ = {isa = PBXBuildFile; fileRef = 32F90BD81B3307B000D3A8AB /* muscle.png */; };
/* End PBXBuildFile section */

/* Begin PBXContainerItemProxy section */
		321AF5C01B313F2300146114 /* PBXContainerItemProxy */ = {
			isa = PBXContainerItemProxy;
			containerPortal = 321AF5A21B313F2200146114 /* Project object */;
			proxyType = 1;
			remoteGlobalIDString = 321AF5A91B313F2200146114;
			remoteInfo = MuscleAlarmClock;
		};
/* End PBXContainerItemProxy section */

/* Begin PBXFileReference section */
		321AF5AA1B313F2200146114 /* MuscleAlarmClock.app */ = {isa = PBXFileReference; explicitFileType = wrapper.application; includeInIndex = 0; path = MuscleAlarmClock.app; sourceTree = BUILT_PRODUCTS_DIR; };
		321AF5AE1B313F2200146114 /* Info.plist */ = {isa = PBXFileReference; lastKnownFileType = text.plist.xml; path = Info.plist; sourceTree = "<group>"; };
		321AF5AF1B313F2200146114 /* AppDelegate.swift */ = {isa = PBXFileReference; lastKnownFileType = sourcecode.swift; path = AppDelegate.swift; sourceTree = "<group>"; };
		321AF5B11B313F2200146114 /* ViewController.swift */ = {isa = PBXFileReference; lastKnownFileType = sourcecode.swift; path = ViewController.swift; sourceTree = "<group>"; };
		321AF5B41B313F2200146114 /* Base */ = {isa = PBXFileReference; lastKnownFileType = file.storyboard; name = Base; path = Base.lproj/Main.storyboard; sourceTree = "<group>"; };
		321AF5B61B313F2200146114 /* Images.xcassets */ = {isa = PBXFileReference; lastKnownFileType = folder.assetcatalog; path = Images.xcassets; sourceTree = "<group>"; };
		321AF5B91B313F2200146114 /* Base */ = {isa = PBXFileReference; lastKnownFileType = file.xib; name = Base; path = Base.lproj/LaunchScreen.xib; sourceTree = "<group>"; };
		321AF5BF1B313F2300146114 /* MuscleAlarmClockTests.xctest */ = {isa = PBXFileReference; explicitFileType = wrapper.cfbundle; includeInIndex = 0; path = MuscleAlarmClockTests.xctest; sourceTree = BUILT_PRODUCTS_DIR; };
		321AF5C41B313F2300146114 /* Info.plist */ = {isa = PBXFileReference; lastKnownFileType = text.plist.xml; path = Info.plist; sourceTree = "<group>"; };
		321AF5C51B313F2300146114 /* MuscleAlarmClockTests.swift */ = {isa = PBXFileReference; lastKnownFileType = sourcecode.swift; path = MuscleAlarmClockTests.swift; sourceTree = "<group>"; };
		32F906F31B32754800D3A8AB /* MTAL.png */ = {isa = PBXFileReference; lastKnownFileType = image.png; path = MTAL.png; sourceTree = "<group>"; };
		32F906F91B32874700D3A8AB /* Twitter_bird.png */ = {isa = PBXFileReference; lastKnownFileType = image.png; path = Twitter_bird.png; sourceTree = "<group>"; };
		32F906FF1B32AAEB00D3A8AB /* button.png */ = {isa = PBXFileReference; lastKnownFileType = image.png; path = button.png; sourceTree = "<group>"; };
		32F90BD41B33047800D3A8AB /* QuartzCore.framework */ = {isa = PBXFileReference; lastKnownFileType = wrapper.framework; name = QuartzCore.framework; path = System/Library/Frameworks/QuartzCore.framework; sourceTree = SDKROOT; };
		32F90BD81B3307B000D3A8AB /* muscle.png */ = {isa = PBXFileReference; lastKnownFileType = image.png; path = muscle.png; sourceTree = "<group>"; };
/* End PBXFileReference section */

/* Begin PBXFrameworksBuildPhase section */
		321AF5A71B313F2200146114 /* Frameworks */ = {
			isa = PBXFrameworksBuildPhase;
			buildActionMask = 2147483647;
			files = (
				32F90BD51B33047800D3A8AB /* QuartzCore.framework in Frameworks */,
			);
			runOnlyForDeploymentPostprocessing = 0;
		};
		321AF5BC1B313F2300146114 /* Frameworks */ = {
			isa = PBXFrameworksBuildPhase;
			buildActionMask = 2147483647;
			files = (
			);
			runOnlyForDeploymentPostprocessing = 0;
		};
/* End PBXFrameworksBuildPhase section */

/* Begin PBXGroup section */
		321AF5A11B313F2200146114 = {
			isa = PBXGroup;
			children = (
				32F90BD41B33047800D3A8AB /* QuartzCore.framework */,
				321AF5AC1B313F2200146114 /* MuscleAlarmClock */,
				321AF5C21B313F2300146114 /* MuscleAlarmClockTests */,
				321AF5AB1B313F2200146114 /* Products */,
			);
			sourceTree = "<group>";
		};
		321AF5AB1B313F2200146114 /* Products */ = {
			isa = PBXGroup;
			children = (
				321AF5AA1B313F2200146114 /* MuscleAlarmClock.app */,
				321AF5BF1B313F2300146114 /* MuscleAlarmClockTests.xctest */,
			);
			name = Products;
			sourceTree = "<group>";
		};
		321AF5AC1B313F2200146114 /* MuscleAlarmClock */ = {
			isa = PBXGroup;
			children = (
				321AF5AF1B313F2200146114 /* AppDelegate.swift */,
				321AF5B11B313F2200146114 /* ViewController.swift */,
				321AF5B31B313F2200146114 /* Main.storyboard */,
				321AF5B61B313F2200146114 /* Images.xcassets */,
				321AF5B81B313F2200146114 /* LaunchScreen.xib */,
				32F906F91B32874700D3A8AB /* Twitter_bird.png */,
				32F906FF1B32AAEB00D3A8AB /* button.png */,
				32F906F31B32754800D3A8AB /* MTAL.png */,
				32F90BD81B3307B000D3A8AB /* muscle.png */,
				321AF5AD1B313F2200146114 /* Supporting Files */,
			);
			path = MuscleAlarmClock;
			sourceTree = "<group>";
		};
		321AF5AD1B313F2200146114 /* Supporting Files */ = {
			isa = PBXGroup;
			children = (
				321AF5AE1B313F2200146114 /* Info.plist */,
			);
			name = "Supporting Files";
			sourceTree = "<group>";
		};
		321AF5C21B313F2300146114 /* MuscleAlarmClockTests */ = {
			isa = PBXGroup;
			children = (
				321AF5C51B313F2300146114 /* MuscleAlarmClockTests.swift */,
				321AF5C31B313F2300146114 /* Supporting Files */,
			);
			path = MuscleAlarmClockTests;
			sourceTree = "<group>";
		};
		321AF5C31B313F2300146114 /* Supporting Files */ = {
			isa = PBXGroup;
			children = (
				321AF5C41B313F2300146114 /* Info.plist */,
			);
			name = "Supporting Files";
			sourceTree = "<group>";
		};
/* End PBXGroup section */

/* Begin PBXNativeTarget section */
		321AF5A91B313F2200146114 /* MuscleAlarmClock */ = {
			isa = PBXNativeTarget;
			buildConfigurationList = 321AF5C91B313F2300146114 /* Build configuration list for PBXNativeTarget "MuscleAlarmClock" */;
			buildPhases = (
				321AF5A61B313F2200146114 /* Sources */,
				321AF5A71B313F2200146114 /* Frameworks */,
				321AF5A81B313F2200146114 /* Resources */,
			);
			buildRules = (
			);
			dependencies = (
			);
			name = MuscleAlarmClock;
			productName = MuscleAlarmClock;
			productReference = 321AF5AA1B313F2200146114 /* MuscleAlarmClock.app */;
			productType = "com.apple.product-type.application";
		};
		321AF5BE1B313F2300146114 /* MuscleAlarmClockTests */ = {
			isa = PBXNativeTarget;
			buildConfigurationList = 321AF5CC1B313F2300146114 /* Build configuration list for PBXNativeTarget "MuscleAlarmClockTests" */;
			buildPhases = (
				321AF5BB1B313F2300146114 /* Sources */,
				321AF5BC1B313F2300146114 /* Frameworks */,
				321AF5BD1B313F2300146114 /* Resources */,
			);
			buildRules = (
			);
			dependencies = (
				321AF5C11B313F2300146114 /* PBXTargetDependency */,
			);
			name = MuscleAlarmClockTests;
			productName = MuscleAlarmClockTests;
			productReference = 321AF5BF1B313F2300146114 /* MuscleAlarmClockTests.xctest */;
			productType = "com.apple.product-type.bundle.unit-test";
		};
/* End PBXNativeTarget section */

/* Begin PBXProject section */
		321AF5A21B313F2200146114 /* Project object */ = {
			isa = PBXProject;
			attributes = {
				LastUpgradeCheck = 0630;
				ORGANIZATIONNAME = "Fumiya Yamanaka";
				TargetAttributes = {
					321AF5A91B313F2200146114 = {
						CreatedOnToolsVersion = 6.3.2;
					};
					321AF5BE1B313F2300146114 = {
						CreatedOnToolsVersion = 6.3.2;
						TestTargetID = 321AF5A91B313F2200146114;
					};
				};
			};
			buildConfigurationList = 321AF5A51B313F2200146114 /* Build configuration list for PBXProject "MuscleAlarmClock" */;
			compatibilityVersion = "Xcode 3.2";
			developmentRegion = English;
			hasScannedForEncodings = 0;
			knownRegions = (
				en,
				Base,
				English,
			);
			mainGroup = 321AF5A11B313F2200146114;
			productRefGroup = 321AF5AB1B313F2200146114 /* Products */;
			projectDirPath = "";
			projectRoot = "";
			targets = (
				321AF5A91B313F2200146114 /* MuscleAlarmClock */,
				321AF5BE1B313F2300146114 /* MuscleAlarmClockTests */,
			);
		};
/* End PBXProject section */

/* Begin PBXResourcesBuildPhase section */
		321AF5A81B313F2200146114 /* Resources */ = {
			isa = PBXResourcesBuildPhase;
			buildActionMask = 2147483647;
			files = (
				32F90BD91B3307B000D3A8AB /* muscle.png in Resources */,
				321AF5B51B313F2200146114 /* Main.storyboard in Resources */,
				32F907001B32AAEB00D3A8AB /* button.png in Resources */,
				32F906F41B32754800D3A8AB /* MTAL.png in Resources */,
				32F906FA1B32874700D3A8AB /* Twitter_bird.png in Resources */,
				321AF5BA1B313F2200146114 /* LaunchScreen.xib in Resources */,
				321AF5B71B313F2200146114 /* Images.xcassets in Resources */,
			);
			runOnlyForDeploymentPostprocessing = 0;
		};
		321AF5BD1B313F2300146114 /* Resources */ = {
			isa = PBXResourcesBuildPhase;
			buildActionMask = 2147483647;
			files = (
			);
			runOnlyForDeploymentPostprocessing = 0;
		};
/* End PBXResourcesBuildPhase section */

/* Begin PBXSourcesBuildPhase section */
		321AF5A61B313F2200146114 /* Sources */ = {
			isa = PBXSourcesBuildPhase;
			buildActionMask = 2147483647;
			files = (
				321AF5B21B313F2200146114 /* ViewController.swift in Sources */,
				321AF5B01B313F2200146114 /* AppDelegate.swift in Sources */,
			);
			runOnlyForDeploymentPostprocessing = 0;
		};
		321AF5BB1B313F2300146114 /* Sources */ = {
			isa = PBXSourcesBuildPhase;
			buildActionMask = 2147483647;
			files = (
				321AF5C61B313F2300146114 /* MuscleAlarmClockTests.swift in Sources */,
			);
			runOnlyForDeploymentPostprocessing = 0;
		};
/* End PBXSourcesBuildPhase section */

/* Begin PBXTargetDependency section */
		321AF5C11B313F2300146114 /* PBXTargetDependency */ = {
			isa = PBXTargetDependency;
			target = 321AF5A91B313F2200146114 /* MuscleAlarmClock */;
			targetProxy = 321AF5C01B313F2300146114 /* PBXContainerItemProxy */;
		};
/* End PBXTargetDependency section */

/* Begin PBXVariantGroup section */
		321AF5B31B313F2200146114 /* Main.storyboard */ = {
			isa = PBXVariantGroup;
			children = (
				321AF5B41B313F2200146114 /* Base */,
			);
			name = Main.storyboard;
			sourceTree = "<group>";
		};
		321AF5B81B313F2200146114 /* LaunchScreen.xib */ = {
			isa = PBXVariantGroup;
			children = (
				321AF5B91B313F2200146114 /* Base */,
			);
			name = LaunchScreen.xib;
			sourceTree = "<group>";
		};
/* End PBXVariantGroup section */

/* Begin XCBuildConfiguration section */
		321AF5C71B313F2300146114 /* Debug */ = {
			isa = XCBuildConfiguration;
			buildSettings = {
				ALWAYS_SEARCH_USER_PATHS = NO;
				CLANG_CXX_LANGUAGE_STANDARD = "gnu++0x";
				CLANG_CXX_LIBRARY = "libc++";
				CLANG_ENABLE_MODULES = YES;
				CLANG_ENABLE_OBJC_ARC = YES;
				CLANG_WARN_BOOL_CONVERSION = YES;
				CLANG_WARN_CONSTANT_CONVERSION = YES;
				CLANG_WARN_DIRECT_OBJC_ISA_USAGE = YES_ERROR;
				CLANG_WARN_EMPTY_BODY = YES;
				CLANG_WARN_ENUM_CONVERSION = YES;
				CLANG_WARN_INT_CONVERSION = YES;
				CLANG_WARN_OBJC_ROOT_CLASS = YES_ERROR;
				CLANG_WARN_UNREACHABLE_CODE = YES;
				CLANG_WARN__DUPLICATE_METHOD_MATCH = YES;
				"CODE_SIGN_IDENTITY[sdk=iphoneos*]" = "iPhone Developer";
				COPY_PHASE_STRIP = NO;
				DEBUG_INFORMATION_FORMAT = "dwarf-with-dsym";
				ENABLE_STRICT_OBJC_MSGSEND = YES;
				GCC_C_LANGUAGE_STANDARD = gnu99;
				GCC_DYNAMIC_NO_PIC = NO;
				GCC_NO_COMMON_BLOCKS = YES;
				GCC_OPTIMIZATION_LEVEL = 0;
				GCC_PREPROCESSOR_DEFINITIONS = (
					"DEBUG=1",
					"$(inherited)",
				);
				GCC_SYMBOLS_PRIVATE_EXTERN = NO;
				GCC_WARN_64_TO_32_BIT_CONVERSION = YES;
				GCC_WARN_ABOUT_RETURN_TYPE = YES_ERROR;
				GCC_WARN_UNDECLARED_SELECTOR = YES;
				GCC_WARN_UNINITIALIZED_AUTOS = YES_AGGRESSIVE;
				GCC_WARN_UNUSED_FUNCTION = YES;
				GCC_WARN_UNUSED_VARIABLE = YES;
				IPHONEOS_DEPLOYMENT_TARGET = 8.3;
				MTL_ENABLE_DEBUG_INFO = YES;
				ONLY_ACTIVE_ARCH = YES;
				SDKROOT = iphoneos;
				SWIFT_OPTIMIZATION_LEVEL = "-Onone";
			};
			name = Debug;
		};
		321AF5C81B313F2300146114 /* Release */ = {
			isa = XCBuildConfiguration;
			buildSettings = {
				ALWAYS_SEARCH_USER_PATHS = NO;
				CLANG_CXX_LANGUAGE_STANDARD = "gnu++0x";
				CLANG_CXX_LIBRARY = "libc++";
				CLANG_ENABLE_MODULES = YES;
				CLANG_ENABLE_OBJC_ARC = YES;
				CLANG_WARN_BOOL_CONVERSION = YES;
				CLANG_WARN_CONSTANT_CONVERSION = YES;
				CLANG_WARN_DIRECT_OBJC_ISA_USAGE = YES_ERROR;
				CLANG_WARN_EMPTY_BODY = YES;
				CLANG_WARN_ENUM_CONVERSION = YES;
				CLANG_WARN_INT_CONVERSION = YES;
				CLANG_WARN_OBJC_ROOT_CLASS = YES_ERROR;
				CLANG_WARN_UNREACHABLE_CODE = YES;
				CLANG_WARN__DUPLICATE_METHOD_MATCH = YES;
				"CODE_SIGN_IDENTITY[sdk=iphoneos*]" = "iPhone Developer";
				COPY_PHASE_STRIP = NO;
				DEBUG_INFORMATION_FORMAT = "dwarf-with-dsym";
				ENABLE_NS_ASSERTIONS = NO;
				ENABLE_STRICT_OBJC_MSGSEND = YES;
				GCC_C_LANGUAGE_STANDARD = gnu99;
				GCC_NO_COMMON_BLOCKS = YES;
				GCC_WARN_64_TO_32_BIT_CONVERSION = YES;
				GCC_WARN_ABOUT_RETURN_TYPE = YES_ERROR;
				GCC_WARN_UNDECLARED_SELECTOR = YES;
				GCC_WARN_UNINITIALIZED_AUTOS = YES_AGGRESSIVE;
				GCC_WARN_UNUSED_FUNCTION = YES;
				GCC_WARN_UNUSED_VARIABLE = YES;
				IPHONEOS_DEPLOYMENT_TARGET = 8.3;
				MTL_ENABLE_DEBUG_INFO = NO;
				SDKROOT = iphoneos;
				VALIDATE_PRODUCT = YES;
			};
			name = Release;
		};
		321AF5CA1B313F2300146114 /* Debug */ = {
			isa = XCBuildConfiguration;
			buildSettings = {
				ASSETCATALOG_COMPILER_APPICON_NAME = AppIcon;
				FRAMEWORK_SEARCH_PATHS = (
					"$(inherited)",
					"$(PROJECT_DIR)/MuscleAlarmClock/CorePlot_1.4/Binaries/MacOS",
				);
				INFOPLIST_FILE = MuscleAlarmClock/Info.plist;
				LD_RUNPATH_SEARCH_PATHS = "$(inherited) @executable_path/Frameworks";
				LIBRARY_SEARCH_PATHS = (
					"$(inherited)",
					"$(PROJECT_DIR)/MuscleAlarmClock/CorePlot_1.4/Binaries/iOS",
				);
				PRODUCT_NAME = "$(TARGET_NAME)";
			};
			name = Debug;
		};
		321AF5CB1B313F2300146114 /* Release */ = {
			isa = XCBuildConfiguration;
			buildSettings = {
				ASSETCATALOG_COMPILER_APPICON_NAME = AppIcon;
				FRAMEWORK_SEARCH_PATHS = (
					"$(inherited)",
					"$(PROJECT_DIR)/MuscleAlarmClock/CorePlot_1.4/Binaries/MacOS",
				);
				INFOPLIST_FILE = MuscleAlarmClock/Info.plist;
				LD_RUNPATH_SEARCH_PATHS = "$(inherited) @executable_path/Frameworks";
				LIBRARY_SEARCH_PATHS = (
					"$(inherited)",
					"$(PROJECT_DIR)/MuscleAlarmClock/CorePlot_1.4/Binaries/iOS",
				);
				PRODUCT_NAME = "$(TARGET_NAME)";
			};
			name = Release;
		};
		321AF5CD1B313F2300146114 /* Debug */ = {
			isa = XCBuildConfiguration;
			buildSettings = {
				BUNDLE_LOADER = "$(TEST_HOST)";
				FRAMEWORK_SEARCH_PATHS = (
					"$(SDKROOT)/Developer/Library/Frameworks",
					"$(inherited)",
				);
				GCC_PREPROCESSOR_DEFINITIONS = (
					"DEBUG=1",
					"$(inherited)",
				);
				INFOPLIST_FILE = MuscleAlarmClockTests/Info.plist;
				LD_RUNPATH_SEARCH_PATHS = "$(inherited) @executable_path/Frameworks @loader_path/Frameworks";
				PRODUCT_NAME = "$(TARGET_NAME)";
				TEST_HOST = "$(BUILT_PRODUCTS_DIR)/MuscleAlarmClock.app/MuscleAlarmClock";
			};
			name = Debug;
		};
		321AF5CE1B313F2300146114 /* Release */ = {
			isa = XCBuildConfiguration;
			buildSettings = {
				BUNDLE_LOADER = "$(TEST_HOST)";
				FRAMEWORK_SEARCH_PATHS = (
					"$(SDKROOT)/Developer/Library/Frameworks",
					"$(inherited)",
				);
				INFOPLIST_FILE = MuscleAlarmClockTests/Info.plist;
				LD_RUNPATH_SEARCH_PATHS = "$(inherited) @executable_path/Frameworks @loader_path/Frameworks";
				PRODUCT_NAME = "$(TARGET_NAME)";
				TEST_HOST = "$(BUILT_PRODUCTS_DIR)/MuscleAlarmClock.app/MuscleAlarmClock";
			};
			name = Release;
		};
/* End XCBuildConfiguration section */

/* Begin XCConfigurationList section */
		321AF5A51B313F2200146114 /* Build configuration list for PBXProject "MuscleAlarmClock" */ = {
			isa = XCConfigurationList;
			buildConfigurations = (
				321AF5C71B313F2300146114 /* Debug */,
				321AF5C81B313F2300146114 /* Release */,
			);
			defaultConfigurationIsVisible = 0;
			defaultConfigurationName = Release;
		};
		321AF5C91B313F2300146114 /* Build configuration list for PBXNativeTarget "MuscleAlarmClock" */ = {
			isa = XCConfigurationList;
			buildConfigurations = (
				321AF5CA1B313F2300146114 /* Debug */,
				321AF5CB1B313F2300146114 /* Release */,
			);
			defaultConfigurationIsVisible = 0;
			defaultConfigurationName = Release;
		};
		321AF5CC1B313F2300146114 /* Build configuration list for PBXNativeTarget "MuscleAlarmClockTests" */ = {
			isa = XCConfigurationList;
			buildConfigurations = (
				321AF5CD1B313F2300146114 /* Debug */,
				321AF5CE1B313F2300146114 /* Release */,
			);
			defaultConfigurationIsVisible = 0;
			defaultConfigurationName = Release;
		};
/* End XCConfigurationList section */
	};
	rootObject = 321AF5A21B313F2200146114 /* Project object */;
}
